# This file is automatically @generated by Cargo.
# It is not intended for manual editing.
version = 4

[[package]]
name = "pkg-config"
version = "0.3.33"
source = "registry+https://github.com/rust-lang/crates.io-index"
checksum = "19f132c84eca552bf34cab8ec81f1c1dcc229b811638f9d283dceabe58c5569e"

[[package]]
name = "ps2-host"
version = "0.1.0"
dependencies = [
 "sdl3-sys",
]

[[package]]
name = "sdl3-sys"
version = "0.6.6+SDL-3.4.10"
source = "registry+https://github.com/rust-lang/crates.io-index"
checksum = "04e7f134def04ed72e6f55187c6c29c72f7dab5d359c4be0dd49c9b97fef59c7"
dependencies = [
 "pkg-config",
 "vcpkg",
]

[[package]]
name = "vcpkg"
version = "0.2.15"
source = "registry+https://github.com/rust-lang/crates.io-index"
checksum = "accd4ea62f7bb7a82fe23066fb0957d48ef677f6eeb8215f372f52e48bb32426"
